
Microsoft Visual Studio Solution File, Format Version 12.00
# Visual Studio Version 17
VisualStudioVersion = 17.8.34525.116
MinimumVisualStudioVersion = 10.0.40219.1
Project("{9A19103F-16F7-4668-BE54-9A1E7A4F7556}") = "Spoleto.RestClient", "src\Spoleto.RestClient\Spoleto.RestClient.csproj", "{98AFC763-A1EB-4DE1-B126-C45FB78A0E27}"
EndProject
Project("{2150E333-8FDC-42A3-9474-1A3956D46DE8}") = "GitHub Actions", "GitHub Actions", "{4E2DCE40-0046-4D66-99F9-0F17BA28C636}"
	ProjectSection(SolutionItems) = preProject
		.github\workflows\cd.yml = .github\workflows\cd.yml
		.github\workflows\ci.yml = .github\workflows\ci.yml
	EndProjectSection
EndProject
Project("{2150E333-8FDC-42A3-9474-1A3956D46DE8}") = "Solution Items", "Solution Items", "{1DC34535-B612-4218-A635-2C84AD193DE5}"
	ProjectSection(SolutionItems) = preProject
		.editorconfig = .editorconfig
		src\Directory.Build.props = src\Directory.Build.props
		LICENSE = LICENSE
		publish-assets-to-github.sh = publish-assets-to-github.sh
		README.md = README.md
	EndProjectSection
EndProject
Project("{FAE04EC0-301F-11D3-BF4B-00C04F79EFBC}") = "Spoleto.RestClient.Tests", "src\Spoleto.RestClient.Tests\Spoleto.RestClient.Tests.csproj", "{46C150FA-FECB-4E45-9C38-09EC3DDEFA96}"
EndProject
Global
	GlobalSection(SolutionConfigurationPlatforms) = preSolution
		Debug|Any CPU = Debug|Any CPU
		Release|Any CPU = Release|Any CPU
	EndGlobalSection
	GlobalSection(ProjectConfigurationPlatforms) = postSolution
		{98AFC763-A1EB-4DE1-B126-C45FB78A0E27}.Debug|Any CPU.ActiveCfg = Debug|Any CPU
		{98AFC763-A1EB-4DE1-B126-C45FB78A0E27}.Debug|Any CPU.Build.0 = Debug|Any CPU
		{98AFC763-A1EB-4DE1-B126-C45FB78A0E27}.Release|Any CPU.ActiveCfg = Release|Any CPU
		{98AFC763-A1EB-4DE1-B126-C45FB78A0E27}.Release|Any CPU.Build.0 = Release|Any CPU
		{46C150FA-FECB-4E45-9C38-09EC3DDEFA96}.Debug|Any CPU.ActiveCfg = Debug|Any CPU
		{46C150FA-FECB-4E45-9C38-09EC3DDEFA96}.Debug|Any CPU.Build.0 = Debug|Any CPU
		{46C150FA-FECB-4E45-9C38-09EC3DDEFA96}.Release|Any CPU.ActiveCfg = Release|Any CPU
		{46C150FA-FECB-4E45-9C38-09EC3DDEFA96}.Release|Any CPU.Build.0 = Release|Any CPU
	EndGlobalSection
	GlobalSection(SolutionProperties) = preSolution
		HideSolutionNode = FALSE
	EndGlobalSection
	GlobalSection(ExtensibilityGlobals) = postSolution
		SolutionGuid = {42A81FAB-F493-472E-BC31-74FC53A73D79}
	EndGlobalSection
EndGlobal
